
Microsoft Visual Studio Solution File, Format Version 12.00
# Visual Studio Version 17
VisualStudioVersion = 17.5.002.0
MinimumVisualStudioVersion = 10.0.40219.1
Project("{9A19103F-16F7-4668-BE54-9A1E7A4F7556}") = "UTAPI", "UTAPI.csproj", "{E583F3BC-7E88-4C05-B954-DAAFC3EEF6EE}"
EndProject
Global
	GlobalSection(SolutionConfigurationPlatforms) = preSolution
		Debug|Any CPU = Debug|Any CPU
		Release|Any CPU = Release|Any CPU
	EndGlobalSection
	GlobalSection(ProjectConfigurationPlatforms) = postSolution
		{E583F3BC-7E88-4C05-B954-DAAFC3EEF6EE}.Debug|Any CPU.ActiveCfg = Debug|Any CPU
		{E583F3BC-7E88-4C05-B954-DAAFC3EEF6EE}.Debug|Any CPU.Build.0 = Debug|Any CPU
		{E583F3BC-7E88-4C05-B954-DAAFC3EEF6EE}.Release|Any CPU.ActiveCfg = Release|Any CPU
		{E583F3BC-7E88-4C05-B954-DAAFC3EEF6EE}.Release|Any CPU.Build.0 = Release|Any CPU
	EndGlobalSection
	GlobalSection(SolutionProperties) = preSolution
		HideSolutionNode = FALSE
	EndGlobalSection
	GlobalSection(ExtensibilityGlobals) = postSolution
		SolutionGuid = {FF66EFD8-7A8A-4B2C-907B-0C48E74F7D5E}
	EndGlobalSection
EndGlobal
